{
    "_readme": [
        "This file locks the dependencies of your project to a known state",
        "Read more about it at https://getcomposer.org/doc/01-basic-usage.md#installing-dependencies",
        "This file is @generated automatically"
    ],
    "content-hash": "7d289923f24a7937578f104a0bd8d587",
    "packages": [
        {
            "name": "athlon1600/php-curl-client",
            "version": "v1.1.1",
            "source": {
                "type": "git",
                "url": "https://github.com/Athlon1600/php-curl-client.git",
                "reference": "b65ddd8e865d82ce3cdb20ff406411aeabdaf75e"
            },
            "dist": {
                "type": "zip",
                "url": "https://api.github.com/repos/Athlon1600/php-curl-client/zipball/b65ddd8e865d82ce3cdb20ff406411aeabdaf75e",
                "reference": "b65ddd8e865d82ce3cdb20ff406411aeabdaf75e",
                "shasum": ""
            },
            "require": {
                "ext-curl": "*",
                "ext-json": "*"
            },
            "require-dev": {
                "phpunit/phpunit": "^7.0"
            },
            "type": "library",
            "autoload": {
                "psr-4": {
                    "Curl\\": "src/"
                }
            },
            "notification-url": "https://packagist.org/downloads/",
            "license": [
                "MIT"
            ],
            "description": "Simple PHP cURL Client",
            "keywords": [
                "php curl client"
            ],
            "time": "2020-05-15T13:06:46+00:00"
        }
    ],
    "packages-dev": [],
    "aliases": [],
    "minimum-stability": "stable",
    "stability-flags": [],
    "prefer-stable": false,
    "prefer-lowest": false,
    "platform": [],
    "platform-dev": []
}
